
Microsoft Visual Studio Solution File, Format Version 12.00
# Visual Studio Version 17
VisualStudioVersion = 17.2.32616.157
MinimumVisualStudioVersion = 10.0.40219.1
Project("{9A19103F-16F7-4668-BE54-9A1E7A4F7556}") = "LTS", "LTS\LTS.csproj", "{4B3C23BA-0F94-4063-AB24-4E6FFA67F0CB}"
EndProject
Project("{9A19103F-16F7-4668-BE54-9A1E7A4F7556}") = "EntityLayer", "EntityLayer\EntityLayer.csproj", "{34DEEBDB-04FB-4D0F-A7BD-BC5FCC3CC5FE}"
EndProject
Project("{9A19103F-16F7-4668-BE54-9A1E7A4F7556}") = "DataAccessLayer", "DataAccessLayer\DataAccessLayer.csproj", "{BABF603F-6919-40CF-BC7B-EF21EB9FC514}"
EndProject
Project("{9A19103F-16F7-4668-BE54-9A1E7A4F7556}") = "BusinessLayer", "BusinessLayer\BusinessLayer.csproj", "{5954F0A8-62B1-4849-BDD5-920AB9726106}"
EndProject
Project("{9A19103F-16F7-4668-BE54-9A1E7A4F7556}") = "LTSLayer", "LTSLayer\LTSLayer.csproj", "{6CE65366-9001-46F9-9F13-B809C1C8FB65}"
EndProject
Project("{FAE04EC0-301F-11D3-BF4B-00C04F79EFBC}") = "WebApi", "WebApi\WebApi.csproj", "{C8F119FA-233C-4F8F-A705-2ED1CC5E19A3}"
EndProject
Global
	GlobalSection(SolutionConfigurationPlatforms) = preSolution
		Debug|Any CPU = Debug|Any CPU
		Release|Any CPU = Release|Any CPU
	EndGlobalSection
	GlobalSection(ProjectConfigurationPlatforms) = postSolution
		{4B3C23BA-0F94-4063-AB24-4E6FFA67F0CB}.Debug|Any CPU.ActiveCfg = Debug|Any CPU
		{4B3C23BA-0F94-4063-AB24-4E6FFA67F0CB}.Debug|Any CPU.Build.0 = Debug|Any CPU
		{4B3C23BA-0F94-4063-AB24-4E6FFA67F0CB}.Release|Any CPU.ActiveCfg = Release|Any CPU
		{4B3C23BA-0F94-4063-AB24-4E6FFA67F0CB}.Release|Any CPU.Build.0 = Release|Any CPU
		{34DEEBDB-04FB-4D0F-A7BD-BC5FCC3CC5FE}.Debug|Any CPU.ActiveCfg = Debug|Any CPU
		{34DEEBDB-04FB-4D0F-A7BD-BC5FCC3CC5FE}.Debug|Any CPU.Build.0 = Debug|Any CPU
		{34DEEBDB-04FB-4D0F-A7BD-BC5FCC3CC5FE}.Release|Any CPU.ActiveCfg = Release|Any CPU
		{34DEEBDB-04FB-4D0F-A7BD-BC5FCC3CC5FE}.Release|Any CPU.Build.0 = Release|Any CPU
		{BABF603F-6919-40CF-BC7B-EF21EB9FC514}.Debug|Any CPU.ActiveCfg = Debug|Any CPU
		{BABF603F-6919-40CF-BC7B-EF21EB9FC514}.Debug|Any CPU.Build.0 = Debug|Any CPU
		{BABF603F-6919-40CF-BC7B-EF21EB9FC514}.Release|Any CPU.ActiveCfg = Release|Any CPU
		{BABF603F-6919-40CF-BC7B-EF21EB9FC514}.Release|Any CPU.Build.0 = Release|Any CPU
		{5954F0A8-62B1-4849-BDD5-920AB9726106}.Debug|Any CPU.ActiveCfg = Debug|Any CPU
		{5954F0A8-62B1-4849-BDD5-920AB9726106}.Debug|Any CPU.Build.0 = Debug|Any CPU
		{5954F0A8-62B1-4849-BDD5-920AB9726106}.Release|Any CPU.ActiveCfg = Release|Any CPU
		{5954F0A8-62B1-4849-BDD5-920AB9726106}.Release|Any CPU.Build.0 = Release|Any CPU
		{6CE65366-9001-46F9-9F13-B809C1C8FB65}.Debug|Any CPU.ActiveCfg = Debug|Any CPU
		{6CE65366-9001-46F9-9F13-B809C1C8FB65}.Debug|Any CPU.Build.0 = Debug|Any CPU
		{6CE65366-9001-46F9-9F13-B809C1C8FB65}.Release|Any CPU.ActiveCfg = Release|Any CPU
		{6CE65366-9001-46F9-9F13-B809C1C8FB65}.Release|Any CPU.Build.0 = Release|Any CPU
		{C8F119FA-233C-4F8F-A705-2ED1CC5E19A3}.Debug|Any CPU.ActiveCfg = Debug|Any CPU
		{C8F119FA-233C-4F8F-A705-2ED1CC5E19A3}.Debug|Any CPU.Build.0 = Debug|Any CPU
		{C8F119FA-233C-4F8F-A705-2ED1CC5E19A3}.Release|Any CPU.ActiveCfg = Release|Any CPU
		{C8F119FA-233C-4F8F-A705-2ED1CC5E19A3}.Release|Any CPU.Build.0 = Release|Any CPU
	EndGlobalSection
	GlobalSection(SolutionProperties) = preSolution
		HideSolutionNode = FALSE
	EndGlobalSection
	GlobalSection(ExtensibilityGlobals) = postSolution
		SolutionGuid = {991A2B56-7E3C-44FA-858D-C28F56B70EAE}
	EndGlobalSection
EndGlobal
